
Microsoft Visual Studio Solution File, Format Version 12.00
# Visual Studio Version 16
VisualStudioVersion = 16.0.30002.166
MinimumVisualStudioVersion = 10.0.40219.1
Project("{FAE04EC0-301F-11D3-BF4B-00C04F79EFBC}") = "MiJuego", "MiJuego\MiJuego.csproj", "{2AFFE866-D230-469C-8F60-7D7D9847A387}"
EndProject
Project("{FAE04EC0-301F-11D3-BF4B-00C04F79EFBC}") = "CicloJuego", "CicloJuego\CicloJuego.csproj", "{691685A4-3FBF-4E4F-B783-35C930EDC320}"
EndProject
Project("{FAE04EC0-301F-11D3-BF4B-00C04F79EFBC}") = "CampoMinado", "CampoMinado\CampoMinado.csproj", "{02AFCC4D-7EED-4173-8615-FE1DBBF676C7}"
EndProject
Global
	GlobalSection(SolutionConfigurationPlatforms) = preSolution
		Debug|Any CPU = Debug|Any CPU
		Release|Any CPU = Release|Any CPU
	EndGlobalSection
	GlobalSection(ProjectConfigurationPlatforms) = postSolution
		{2AFFE866-D230-469C-8F60-7D7D9847A387}.Debug|Any CPU.ActiveCfg = Debug|Any CPU
		{2AFFE866-D230-469C-8F60-7D7D9847A387}.Debug|Any CPU.Build.0 = Debug|Any CPU
		{2AFFE866-D230-469C-8F60-7D7D9847A387}.Release|Any CPU.ActiveCfg = Release|Any CPU
		{2AFFE866-D230-469C-8F60-7D7D9847A387}.Release|Any CPU.Build.0 = Release|Any CPU
		{691685A4-3FBF-4E4F-B783-35C930EDC320}.Debug|Any CPU.ActiveCfg = Debug|Any CPU
		{691685A4-3FBF-4E4F-B783-35C930EDC320}.Debug|Any CPU.Build.0 = Debug|Any CPU
		{691685A4-3FBF-4E4F-B783-35C930EDC320}.Release|Any CPU.ActiveCfg = Release|Any CPU
		{691685A4-3FBF-4E4F-B783-35C930EDC320}.Release|Any CPU.Build.0 = Release|Any CPU
		{02AFCC4D-7EED-4173-8615-FE1DBBF676C7}.Debug|Any CPU.ActiveCfg = Debug|Any CPU
		{02AFCC4D-7EED-4173-8615-FE1DBBF676C7}.Debug|Any CPU.Build.0 = Debug|Any CPU
		{02AFCC4D-7EED-4173-8615-FE1DBBF676C7}.Release|Any CPU.ActiveCfg = Release|Any CPU
		{02AFCC4D-7EED-4173-8615-FE1DBBF676C7}.Release|Any CPU.Build.0 = Release|Any CPU
	EndGlobalSection
	GlobalSection(SolutionProperties) = preSolution
		HideSolutionNode = FALSE
	EndGlobalSection
	GlobalSection(ExtensibilityGlobals) = postSolution
		SolutionGuid = {923B7E8D-9F97-4EBF-83C5-9A66B5574632}
	EndGlobalSection
EndGlobal
